// !$*UTF8*$!
{
	archiveVersion = 1;
	classes = {
	};
	objectVersion = 48;
	objects = {

/* Begin PBXBuildFile section */
		782CC9FC1F9B36AA00C495DE /* AppDelegate.swift in Sources */ = {isa = PBXBuildFile; fileRef = 782CC9FB1F9B36AA00C495DE /* AppDelegate.swift */; };
		782CC9FE1F9B36AA00C495DE /* ViewController.swift in Sources */ = {isa = PBXBuildFile; fileRef = 782CC9FD1F9B36AA00C495DE /* ViewController.swift */; };
		782CCA011F9B36AA00C495DE /* Main.storyboard in Resources */ = {isa = PBXBuildFile; fileRef = 782CC9FF1F9B36AA00C495DE /* Main.storyboard */; };
		782CCA031F9B36AA00C495DE /* Assets.xcassets in Resources */ = {isa = PBXBuildFile; fileRef = 782CCA021F9B36AA00C495DE /* Assets.xcassets */; };
		782CCA061F9B36AA00C495DE /* LaunchScreen.storyboard in Resources */ = {isa = PBXBuildFile; fileRef = 782CCA041F9B36AA00C495DE /* LaunchScreen.storyboard */; };
/* End PBXBuildFile section */

/* Begin PBXFileReference section */
		782CC9F81F9B36AA00C495DE /* navigationbarD.app */ = {isa = PBXFileReference; explicitFileType = wrapper.application; includeInIndex = 0; path = navigationbarD.app; sourceTree = BUILT_PRODUCTS_DIR; };
		782CC9FB1F9B36AA00C495DE /* AppDelegate.swift */ = {isa = PBXFileReference; lastKnownFileType = sourcecode.swift; path = AppDelegate.swift; sourceTree = "<group>"; };
		782CC9FD1F9B36AA00C495DE /* ViewController.swift */ = {isa = PBXFileReference; lastKnownFileType = sourcecode.swift; path = ViewController.swift; sourceTree = "<group>"; };
		782CCA001F9B36AA00C495DE /* Base */ = {isa = PBXFileReference; lastKnownFileType = file.storyboard; name = Base; path = Base.lproj/Main.storyboard; sourceTree = "<group>"; };
		782CCA021F9B36AA00C495DE /* Assets.xcassets */ = {isa = PBXFileReference; lastKnownFileType = folder.assetcatalog; path = Assets.xcassets; sourceTree = "<group>"; };
		782CCA051F9B36AA00C495DE /* Base */ = {isa = PBXFileReference; lastKnownFileType = file.storyboard; name = Base; path = Base.lproj/LaunchScreen.storyboard; sourceTree = "<group>"; };
		782CCA071F9B36AA00C495DE /* Info.plist */ = {isa = PBXFileReference; lastKnownFileType = text.plist.xml; path = Info.plist; sourceTree = "<group>"; };
/* End PBXFileReference section */

/* Begin PBXFrameworksBuildPhase section */
		782CC9F51F9B36AA00C495DE /* Frameworks */ = {
			isa = PBXFrameworksBuildPhase;
			buildActionMask = 2147483647;
			files = (
			);
			runOnlyForDeploymentPostprocessing = 0;
		};
/* End PBXFrameworksBuildPhase section */

/* Begin PBXGroup section */
		782CC9EF1F9B36A900C495DE = {
			isa = PBXGroup;
			children = (
				782CC9FA1F9B36AA00C495DE /* navigationbarD */,
				782CC9F91F9B36AA00C495DE /* Products */,
			);
			sourceTree = "<group>";
		};
		782CC9F91F9B36AA00C495DE /* Products */ = {
			isa = PBXGroup;
			children = (
				782CC9F81F9B36AA00C495DE /* navigationbarD.app */,
			);
			name = Products;
			sourceTree = "<group>";
		};
		782CC9FA1F9B36AA00C495DE /* navigationbarD */ = {
			isa = PBXGroup;
			children = (
				782CC9FB1F9B36AA00C495DE /* AppDelegate.swift */,
				782CC9FD1F9B36AA00C495DE /* ViewController.swift */,
				782CC9FF1F9B36AA00C495DE /* Main.storyboard */,
				782CCA021F9B36AA00C495DE /* Assets.xcassets */,
				782CCA041F9B36AA00C495DE /* LaunchScreen.storyboard */,
				782CCA071F9B36AA00C495DE /* Info.plist */,
			);
			path = navigationbarD;
			sourceTree = "<group>";
		};
/* End PBXGroup section */

/* Begin PBXNativeTarget section */
		782CC9F71F9B36AA00C495DE /* navigationbarD */ = {
			isa = PBXNativeTarget;
			buildConfigurationList = 782CCA0A1F9B36AA00C495DE /* Build configuration list for PBXNativeTarget "navigationbarD" */;
			buildPhases = (
				782CC9F41F9B36AA00C495DE /* Sources */,
				782CC9F51F9B36AA00C495DE /* Frameworks */,
				782CC9F61F9B36AA00C495DE /* Resources */,
			);
			buildRules = (
			);
			dependencies = (
			);
			name = navigationbarD;
			productName = navigationbarD;
			productReference = 782CC9F81F9B36AA00C495DE /* navigationbarD.app */;
			productType = "com.apple.product-type.application";
		};
/* End PBXNativeTarget section */

/* Begin PBXProject section */
		782CC9F01F9B36AA00C495DE /* Project object */ = {
			isa = PBXProject;
			attributes = {
				LastSwiftUpdateCheck = 0900;
				LastUpgradeCheck = 0900;
				ORGANIZATIONNAME = idea;
				TargetAttributes = {
					782CC9F71F9B36AA00C495DE = {
						CreatedOnToolsVersion = 9.0.1;
						ProvisioningStyle = Automatic;
					};
				};
			};
			buildConfigurationList = 782CC9F31F9B36AA00C495DE /* Build configuration list for PBXProject "navigationbarD" */;
			compatibilityVersion = "Xcode 8.0";
			developmentRegion = en;
			hasScannedForEncodings = 0;
			knownRegions = (
				en,
				Base,
			);
			mainGroup = 782CC9EF1F9B36A900C495DE;
			productRefGroup = 782CC9F91F9B36AA00C495DE /* Products */;
			projectDirPath = "";
			projectRoot = "";
			targets = (
				782CC9F71F9B36AA00C495DE /* navigationbarD */,
			);
		};
/* End PBXProject section */

/* Begin PBXResourcesBuildPhase section */
		782CC9F61F9B36AA00C495DE /* Resources */ = {
			isa = PBXResourcesBuildPhase;
			buildActionMask = 2147483647;
			files = (
				782CCA061F9B36AA00C495DE /* LaunchScreen.storyboard in Resources */,
				782CCA031F9B36AA00C495DE /* Assets.xcassets in Resources */,
				782CCA011F9B36AA00C495DE /* Main.storyboard in Resources */,
			);
			runOnlyForDeploymentPostprocessing = 0;
		};
/* End PBXResourcesBuildPhase section */

/* Begin PBXSourcesBuildPhase section */
		782CC9F41F9B36AA00C495DE /* Sources */ = {
			isa = PBXSourcesBuildPhase;
			buildActionMask = 2147483647;
			files = (
				782CC9FE1F9B36AA00C495DE /* ViewController.swift in Sources */,
				782CC9FC1F9B36AA00C495DE /* AppDelegate.swift in Sources */,
			);
			runOnlyForDeploymentPostprocessing = 0;
		};
/* End PBXSourcesBuildPhase section */

/* Begin PBXVariantGroup section */
		782CC9FF1F9B36AA00C495DE /* Main.storyboard */ = {
			isa = PBXVariantGroup;
			children = (
				782CCA001F9B36AA00C495DE /* Base */,
			);
			name = Main.storyboard;
			sourceTree = "<group>";
		};
		782CCA041F9B36AA00C495DE /* LaunchScreen.storyboard */ = {
			isa = PBXVariantGroup;
			children = (
				782CCA051F9B36AA00C495DE /* Base */,
			);
			name = LaunchScreen.storyboard;
			sourceTree = "<group>";
		};
/* End PBXVariantGroup section */

/* Begin XCBuildConfiguration section */
		782CCA081F9B36AA00C495DE /* Debug */ = {
			isa = XCBuildConfiguration;
			buildSettings = {
				ALWAYS_SEARCH_USER_PATHS = NO;
				CLANG_ANALYZER_NONNULL = YES;
				CLANG_ANALYZER_NUMBER_OBJECT_CONVERSION = YES_AGGRESSIVE;
				CLANG_CXX_LANGUAGE_STANDARD = "gnu++14";
				CLANG_CXX_LIBRARY = "libc++";
				CLANG_ENABLE_MODULES = YES;
				CLANG_ENABLE_OBJC_ARC = YES;
				CLANG_WARN_BLOCK_CAPTURE_AUTORELEASING = YES;
				CLANG_WARN_BOOL_CONVERSION = YES;
				CLANG_WARN_COMMA = YES;
				CLANG_WARN_CONSTANT_CONVERSION = YES;
				CLANG_WARN_DIRECT_OBJC_ISA_USAGE = YES_ERROR;
				CLANG_WARN_DOCUMENTATION_COMMENTS = YES;
				CLANG_WARN_EMPTY_BODY = YES;
				CLANG_WARN_ENUM_CONVERSION = YES;
				CLANG_WARN_INFINITE_RECURSION = YES;
				CLANG_WARN_INT_CONVERSION = YES;
				CLANG_WARN_NON_LITERAL_NULL_CONVERSION = YES;
				CLANG_WARN_OBJC_LITERAL_CONVERSION = YES;
				CLANG_WARN_OBJC_ROOT_CLASS = YES_ERROR;
				CLANG_WARN_RANGE_LOOP_ANALYSIS = YES;
				CLANG_WARN_STRICT_PROTOTYPES = YES;
				CLANG_WARN_SUSPICIOUS_MOVE = YES;
				CLANG_WARN_UNGUARDED_AVAILABILITY = YES_AGGRESSIVE;
				CLANG_WARN_UNREACHABLE_CODE = YES;
				CLANG_WARN__DUPLICATE_METHOD_MATCH = YES;
				CODE_SIGN_IDENTITY = "iPhone Developer";
				COPY_PHASE_STRIP = NO;
				DEBUG_INFORMATION_FORMAT = dwarf;
				ENABLE_STRICT_OBJC_MSGSEND = YES;
				ENABLE_TESTABILITY = YES;
				GCC_C_LANGUAGE_STANDARD = gnu11;
				GCC_DYNAMIC_NO_PIC = NO;
				GCC_NO_COMMON_BLOCKS = YES;
				GCC_OPTIMIZATION_LEVEL = 0;
				GCC_PREPROCESSOR_DEFINITIONS = (
					"DEBUG=1",
					"$(inherited)",
				);
				GCC_WARN_64_TO_32_BIT_CONVERSION = YES;
				GCC_WARN_ABOUT_RETURN_TYPE = YES_ERROR;
				GCC_WARN_UNDECLARED_SELECTOR = YES;
				GCC_WARN_UNINITIALIZED_AUTOS = YES_AGGRESSIVE;
				GCC_WARN_UNUSED_FUNCTION = YES;
				GCC_WARN_UNUSED_VARIABLE = YES;
				IPHONEOS_DEPLOYMENT_TARGET = 11.0;
				MTL_ENABLE_DEBUG_INFO = YES;
				ONLY_ACTIVE_ARCH = YES;
				SDKROOT = iphoneos;
				SWIFT_ACTIVE_COMPILATION_CONDITIONS = DEBUG;
				SWIFT_OPTIMIZATION_LEVEL = "-Onone";
			};
			name = Debug;
		};
		782CCA091F9B36AA00C495DE /* Release */ = {
			isa = XCBuildConfiguration;
			buildSettings = {
				ALWAYS_SEARCH_USER_PATHS = NO;
				CLANG_ANALYZER_NONNULL = YES;
				CLANG_ANALYZER_NUMBER_OBJECT_CONVERSION = YES_AGGRESSIVE;
				CLANG_CXX_LANGUAGE_STANDARD = "gnu++14";
				CLANG_CXX_LIBRARY = "libc++";
				CLANG_ENABLE_MODULES = YES;
				CLANG_ENABLE_OBJC_ARC = YES;
				CLANG_WARN_BLOCK_CAPTURE_AUTORELEASING = YES;
				CLANG_WARN_BOOL_CONVERSION = YES;
				CLANG_WARN_COMMA = YES;
				CLANG_WARN_CONSTANT_CONVERSION = YES;
				CLANG_WARN_DIRECT_OBJC_ISA_USAGE = YES_ERROR;
				CLANG_WARN_DOCUMENTATION_COMMENTS = YES;
				CLANG_WARN_EMPTY_BODY = YES;
				CLANG_WARN_ENUM_CONVERSION = YES;
				CLANG_WARN_INFINITE_RECURSION = YES;
				CLANG_WARN_INT_CONVERSION = YES;
				CLANG_WARN_NON_LITERAL_NULL_CONVERSION = YES;
				CLANG_WARN_OBJC_LITERAL_CONVERSION = YES;
				CLANG_WARN_OBJC_ROOT_CLASS = YES_ERROR;
				CLANG_WARN_RANGE_LOOP_ANALYSIS = YES;
				CLANG_WARN_STRICT_PROTOTYPES = YES;
				CLANG_WARN_SUSPICIOUS_MOVE = YES;
				CLANG_WARN_UNGUARDED_AVAILABILITY = YES_AGGRESSIVE;
				CLANG_WARN_UNREACHABLE_CODE = YES;
				CLANG_WARN__DUPLICATE_METHOD_MATCH = YES;
				CODE_SIGN_IDENTITY = "iPhone Developer";
				COPY_PHASE_STRIP = NO;
				DEBUG_INFORMATION_FORMAT = "dwarf-with-dsym";
				ENABLE_NS_ASSERTIONS = NO;
				ENABLE_STRICT_OBJC_MSGSEND = YES;
				GCC_C_LANGUAGE_STANDARD = gnu11;
				GCC_NO_COMMON_BLOCKS = YES;
				GCC_WARN_64_TO_32_BIT_CONVERSION = YES;
				GCC_WARN_ABOUT_RETURN_TYPE = YES_ERROR;
				GCC_WARN_UNDECLARED_SELECTOR = YES;
				GCC_WARN_UNINITIALIZED_AUTOS = YES_AGGRESSIVE;
				GCC_WARN_UNUSED_FUNCTION = YES;
				GCC_WARN_UNUSED_VARIABLE = YES;
				IPHONEOS_DEPLOYMENT_TARGET = 11.0;
				MTL_ENABLE_DEBUG_INFO = NO;
				SDKROOT = iphoneos;
				SWIFT_OPTIMIZATION_LEVEL = "-Owholemodule";
				VALIDATE_PRODUCT = YES;
			};
			name = Release;
		};
		782CCA0B1F9B36AA00C495DE /* Debug */ = {
			isa = XCBuildConfiguration;
			buildSettings = {
				ASSETCATALOG_COMPILER_APPICON_NAME = AppIcon;
				CODE_SIGN_STYLE = Automatic;
				INFOPLIST_FILE = navigationbarD/Info.plist;
				LD_RUNPATH_SEARCH_PATHS = "$(inherited) @executable_path/Frameworks";
				PRODUCT_BUNDLE_IDENTIFIER = com.youlu.navigationbarD;
				PRODUCT_NAME = "$(TARGET_NAME)";
				SWIFT_VERSION = 4.0;
				TARGETED_DEVICE_FAMILY = "1,2";
			};
			name = Debug;
		};
		782CCA0C1F9B36AA00C495DE /* Release */ = {
			isa = XCBuildConfiguration;
			buildSettings = {
				ASSETCATALOG_COMPILER_APPICON_NAME = AppIcon;
				CODE_SIGN_STYLE = Automatic;
				INFOPLIST_FILE = navigationbarD/Info.plist;
				LD_RUNPATH_SEARCH_PATHS = "$(inherited) @executable_path/Frameworks";
				PRODUCT_BUNDLE_IDENTIFIER = com.youlu.navigationbarD;
				PRODUCT_NAME = "$(TARGET_NAME)";
				SWIFT_VERSION = 4.0;
				TARGETED_DEVICE_FAMILY = "1,2";
			};
			name = Release;
		};
/* End XCBuildConfiguration section */

/* Begin XCConfigurationList section */
		782CC9F31F9B36AA00C495DE /* Build configuration list for PBXProject "navigationbarD" */ = {
			isa = XCConfigurationList;
			buildConfigurations = (
				782CCA081F9B36AA00C495DE /* Debug */,
				782CCA091F9B36AA00C495DE /* Release */,
			);
			defaultConfigurationIsVisible = 0;
			defaultConfigurationName = Release;
		};
		782CCA0A1F9B36AA00C495DE /* Build configuration list for PBXNativeTarget "navigationbarD" */ = {
			isa = XCConfigurationList;
			buildConfigurations = (
				782CCA0B1F9B36AA00C495DE /* Debug */,
				782CCA0C1F9B36AA00C495DE /* Release */,
			);
			defaultConfigurationIsVisible = 0;
			defaultConfigurationName = Release;
		};
/* End XCConfigurationList section */
	};
	rootObject = 782CC9F01F9B36AA00C495DE /* Project object */;
}
